
Microsoft Visual Studio Solution File, Format Version 12.00
# Visual Studio Version 17
VisualStudioVersion = 17.0.31903.59
MinimumVisualStudioVersion = 10.0.40219.1
Project("{2150E333-8FDC-42A3-9474-1A3956D46DE8}") = "src", "src", "{6796298E-EDB4-468F-BCC7-EC6B56FBC8D4}"
EndProject
Project("{2150E333-8FDC-42A3-9474-1A3956D46DE8}") = "docs", "docs", "{03027F3F-A034-467E-ADB0-3415121197A7}"
EndProject
Project("{2150E333-8FDC-42A3-9474-1A3956D46DE8}") = "Product", "Product", "{90D036A3-252A-4A6E-A972-2E21DCCF95F8}"
EndProject
Project("{9A19103F-16F7-4668-BE54-9A1E7A4F7556}") = "Product.Api", "src\Services\Product\Product.Api\Product.Api.csproj", "{E59288BF-370D-4E4C-8C8B-60C5508A9540}"
EndProject
Project("{E53339B2-1760-4266-BCC7-CA923CBCF16C}") = "docker-compose", "docker-compose.dcproj", "{15D04D9A-CA31-48F9-8A81-129ADE21A7B8}"
EndProject
Project("{2150E333-8FDC-42A3-9474-1A3956D46DE8}") = "Basket", "Basket", "{15161947-F1A5-4B2D-B9DB-1F0DF10AD60C}"
EndProject
Project("{9A19103F-16F7-4668-BE54-9A1E7A4F7556}") = "Basket.Api", "src\Services\Basket\Basket.Api\Basket.Api.csproj", "{B980E94F-84CF-4F39-8B62-2307A80E7CC8}"
EndProject
Project("{2150E333-8FDC-42A3-9474-1A3956D46DE8}") = "Common", "Common", "{F5E0ABD3-4DE0-4F63-AAFD-70DA19B01044}"
EndProject
Project("{9A19103F-16F7-4668-BE54-9A1E7A4F7556}") = "EventBusRabbitMQ", "src\Services\Common\EventBusRabbitMQ\EventBusRabbitMQ.csproj", "{46FF97E9-18E1-480F-8C62-8E117722BAD4}"
EndProject
Project("{2150E333-8FDC-42A3-9474-1A3956D46DE8}") = "Order", "Order", "{AB78BE57-1108-4E45-9E63-AA6F00C654C3}"
EndProject
Project("{9A19103F-16F7-4668-BE54-9A1E7A4F7556}") = "Order.Api", "src\Services\Order\Order.Api\Order.Api.csproj", "{EEADE37F-2033-48FF-879C-452051B62E56}"
EndProject
Project("{9A19103F-16F7-4668-BE54-9A1E7A4F7556}") = "Order.Infrastructure", "src\Services\Order\Order.Infrastructure\Order.Infrastructure.csproj", "{65D29720-C893-4000-82B6-8B6BB4A2A455}"
EndProject
Project("{9A19103F-16F7-4668-BE54-9A1E7A4F7556}") = "Order.Application", "src\Services\Order\Order.Application\Order.Application.csproj", "{3B92BBC7-3E39-45DF-8E5F-8D9253BEEE13}"
EndProject
Project("{9A19103F-16F7-4668-BE54-9A1E7A4F7556}") = "Order.Domain", "src\Services\Order\Order.Domain\Order.Domain.csproj", "{96E0DF3A-4450-456D-8DD5-1FBD183430D5}"
EndProject
Project("{2150E333-8FDC-42A3-9474-1A3956D46DE8}") = "ApiGateway", "ApiGateway", "{740259A7-CB21-48CA-9B22-96F83BB6A81E}"
EndProject
Project("{9A19103F-16F7-4668-BE54-9A1E7A4F7556}") = "Ocelot.ApiGateway", "src\ApiGateway\Ocelot.ApiGateway\Ocelot.ApiGateway.csproj", "{AA310BA5-F975-455B-AF19-55D608A1E6FB}"
EndProject
Project("{2150E333-8FDC-42A3-9474-1A3956D46DE8}") = "ServiceHost", "ServiceHost", "{7BC094B8-059C-4A02-9667-56A589CA825D}"
EndProject
Project("{9A19103F-16F7-4668-BE54-9A1E7A4F7556}") = "ServiceHost", "src\ServiceHost\ServiceHost\ServiceHost.csproj", "{816F9024-B876-4897-81BD-3C1350050295}"
EndProject
Project("{2150E333-8FDC-42A3-9474-1A3956D46DE8}") = "Services", "Services", "{067F92CD-A7A5-44E1-ADA5-0E08EAF9A8A2}"
EndProject
Global
	GlobalSection(SolutionConfigurationPlatforms) = preSolution
		Debug|Any CPU = Debug|Any CPU
		Release|Any CPU = Release|Any CPU
	EndGlobalSection
	GlobalSection(ProjectConfigurationPlatforms) = postSolution
		{E59288BF-370D-4E4C-8C8B-60C5508A9540}.Debug|Any CPU.ActiveCfg = Debug|Any CPU
		{E59288BF-370D-4E4C-8C8B-60C5508A9540}.Debug|Any CPU.Build.0 = Debug|Any CPU
		{E59288BF-370D-4E4C-8C8B-60C5508A9540}.Release|Any CPU.ActiveCfg = Release|Any CPU
		{E59288BF-370D-4E4C-8C8B-60C5508A9540}.Release|Any CPU.Build.0 = Release|Any CPU
		{15D04D9A-CA31-48F9-8A81-129ADE21A7B8}.Debug|Any CPU.ActiveCfg = Debug|Any CPU
		{15D04D9A-CA31-48F9-8A81-129ADE21A7B8}.Debug|Any CPU.Build.0 = Debug|Any CPU
		{15D04D9A-CA31-48F9-8A81-129ADE21A7B8}.Release|Any CPU.ActiveCfg = Release|Any CPU
		{15D04D9A-CA31-48F9-8A81-129ADE21A7B8}.Release|Any CPU.Build.0 = Release|Any CPU
		{B980E94F-84CF-4F39-8B62-2307A80E7CC8}.Debug|Any CPU.ActiveCfg = Debug|Any CPU
		{B980E94F-84CF-4F39-8B62-2307A80E7CC8}.Debug|Any CPU.Build.0 = Debug|Any CPU
		{B980E94F-84CF-4F39-8B62-2307A80E7CC8}.Release|Any CPU.ActiveCfg = Release|Any CPU
		{B980E94F-84CF-4F39-8B62-2307A80E7CC8}.Release|Any CPU.Build.0 = Release|Any CPU
		{46FF97E9-18E1-480F-8C62-8E117722BAD4}.Debug|Any CPU.ActiveCfg = Debug|Any CPU
		{46FF97E9-18E1-480F-8C62-8E117722BAD4}.Debug|Any CPU.Build.0 = Debug|Any CPU
		{46FF97E9-18E1-480F-8C62-8E117722BAD4}.Release|Any CPU.ActiveCfg = Release|Any CPU
		{46FF97E9-18E1-480F-8C62-8E117722BAD4}.Release|Any CPU.Build.0 = Release|Any CPU
		{EEADE37F-2033-48FF-879C-452051B62E56}.Debug|Any CPU.ActiveCfg = Debug|Any CPU
		{EEADE37F-2033-48FF-879C-452051B62E56}.Debug|Any CPU.Build.0 = Debug|Any CPU
		{EEADE37F-2033-48FF-879C-452051B62E56}.Release|Any CPU.ActiveCfg = Release|Any CPU
		{EEADE37F-2033-48FF-879C-452051B62E56}.Release|Any CPU.Build.0 = Release|Any CPU
		{65D29720-C893-4000-82B6-8B6BB4A2A455}.Debug|Any CPU.ActiveCfg = Debug|Any CPU
		{65D29720-C893-4000-82B6-8B6BB4A2A455}.Debug|Any CPU.Build.0 = Debug|Any CPU
		{65D29720-C893-4000-82B6-8B6BB4A2A455}.Release|Any CPU.ActiveCfg = Release|Any CPU
		{65D29720-C893-4000-82B6-8B6BB4A2A455}.Release|Any CPU.Build.0 = Release|Any CPU
		{3B92BBC7-3E39-45DF-8E5F-8D9253BEEE13}.Debug|Any CPU.ActiveCfg = Debug|Any CPU
		{3B92BBC7-3E39-45DF-8E5F-8D9253BEEE13}.Debug|Any CPU.Build.0 = Debug|Any CPU
		{3B92BBC7-3E39-45DF-8E5F-8D9253BEEE13}.Release|Any CPU.ActiveCfg = Release|Any CPU
		{3B92BBC7-3E39-45DF-8E5F-8D9253BEEE13}.Release|Any CPU.Build.0 = Release|Any CPU
		{96E0DF3A-4450-456D-8DD5-1FBD183430D5}.Debug|Any CPU.ActiveCfg = Debug|Any CPU
		{96E0DF3A-4450-456D-8DD5-1FBD183430D5}.Debug|Any CPU.Build.0 = Debug|Any CPU
		{96E0DF3A-4450-456D-8DD5-1FBD183430D5}.Release|Any CPU.ActiveCfg = Release|Any CPU
		{96E0DF3A-4450-456D-8DD5-1FBD183430D5}.Release|Any CPU.Build.0 = Release|Any CPU
		{AA310BA5-F975-455B-AF19-55D608A1E6FB}.Debug|Any CPU.ActiveCfg = Debug|Any CPU
		{AA310BA5-F975-455B-AF19-55D608A1E6FB}.Debug|Any CPU.Build.0 = Debug|Any CPU
		{AA310BA5-F975-455B-AF19-55D608A1E6FB}.Release|Any CPU.ActiveCfg = Release|Any CPU
		{AA310BA5-F975-455B-AF19-55D608A1E6FB}.Release|Any CPU.Build.0 = Release|Any CPU
		{816F9024-B876-4897-81BD-3C1350050295}.Debug|Any CPU.ActiveCfg = Debug|Any CPU
		{816F9024-B876-4897-81BD-3C1350050295}.Debug|Any CPU.Build.0 = Debug|Any CPU
		{816F9024-B876-4897-81BD-3C1350050295}.Release|Any CPU.ActiveCfg = Release|Any CPU
		{816F9024-B876-4897-81BD-3C1350050295}.Release|Any CPU.Build.0 = Release|Any CPU
	EndGlobalSection
	GlobalSection(SolutionProperties) = preSolution
		HideSolutionNode = FALSE
	EndGlobalSection
	GlobalSection(NestedProjects) = preSolution
		{90D036A3-252A-4A6E-A972-2E21DCCF95F8} = {067F92CD-A7A5-44E1-ADA5-0E08EAF9A8A2}
		{E59288BF-370D-4E4C-8C8B-60C5508A9540} = {90D036A3-252A-4A6E-A972-2E21DCCF95F8}
		{15161947-F1A5-4B2D-B9DB-1F0DF10AD60C} = {067F92CD-A7A5-44E1-ADA5-0E08EAF9A8A2}
		{B980E94F-84CF-4F39-8B62-2307A80E7CC8} = {15161947-F1A5-4B2D-B9DB-1F0DF10AD60C}
		{F5E0ABD3-4DE0-4F63-AAFD-70DA19B01044} = {067F92CD-A7A5-44E1-ADA5-0E08EAF9A8A2}
		{46FF97E9-18E1-480F-8C62-8E117722BAD4} = {F5E0ABD3-4DE0-4F63-AAFD-70DA19B01044}
		{AB78BE57-1108-4E45-9E63-AA6F00C654C3} = {067F92CD-A7A5-44E1-ADA5-0E08EAF9A8A2}
		{EEADE37F-2033-48FF-879C-452051B62E56} = {AB78BE57-1108-4E45-9E63-AA6F00C654C3}
		{65D29720-C893-4000-82B6-8B6BB4A2A455} = {AB78BE57-1108-4E45-9E63-AA6F00C654C3}
		{3B92BBC7-3E39-45DF-8E5F-8D9253BEEE13} = {AB78BE57-1108-4E45-9E63-AA6F00C654C3}
		{96E0DF3A-4450-456D-8DD5-1FBD183430D5} = {AB78BE57-1108-4E45-9E63-AA6F00C654C3}
		{740259A7-CB21-48CA-9B22-96F83BB6A81E} = {6796298E-EDB4-468F-BCC7-EC6B56FBC8D4}
		{AA310BA5-F975-455B-AF19-55D608A1E6FB} = {740259A7-CB21-48CA-9B22-96F83BB6A81E}
		{7BC094B8-059C-4A02-9667-56A589CA825D} = {6796298E-EDB4-468F-BCC7-EC6B56FBC8D4}
		{816F9024-B876-4897-81BD-3C1350050295} = {7BC094B8-059C-4A02-9667-56A589CA825D}
		{067F92CD-A7A5-44E1-ADA5-0E08EAF9A8A2} = {6796298E-EDB4-468F-BCC7-EC6B56FBC8D4}
	EndGlobalSection
	GlobalSection(ExtensibilityGlobals) = postSolution
		SolutionGuid = {B0A79CCD-956A-41E6-A920-CB354BE4A568}
	EndGlobalSection
EndGlobal
